
Microsoft Visual Studio Solution File, Format Version 12.00
# Visual Studio Version 17
VisualStudioVersion = 17.0.32014.148
MinimumVisualStudioVersion = 10.0.40219.1
Project("{FAE04EC0-301F-11D3-BF4B-00C04F79EFBC}") = "DtnAssesment.Console", "DtnAssesment\DtnAssesment.Console.csproj", "{71968068-AC43-4D10-AB9C-5B39F2CD0C9C}"
EndProject
Project("{FAE04EC0-301F-11D3-BF4B-00C04F79EFBC}") = "DtnAssesment.Infrastructure", "DtnAssesment.Infrastructure\DtnAssesment.Infrastructure.csproj", "{183A9954-4292-4DE2-A0BD-2E26540F519F}"
EndProject
Project("{FAE04EC0-301F-11D3-BF4B-00C04F79EFBC}") = "DtnAssesment.Core", "DtnAssesment.Core\DtnAssesment.Core.csproj", "{45151A9C-C7E3-4E4C-8782-9AF095002F04}"
EndProject
Project("{FAE04EC0-301F-11D3-BF4B-00C04F79EFBC}") = "DtnAssesment.Tests", "DtnAssesment.Tests\DtnAssesment.Tests.csproj", "{7AC3E446-6AFB-4885-AC03-451B73004DA2}"
EndProject
Global
	GlobalSection(SolutionConfigurationPlatforms) = preSolution
		Debug|Any CPU = Debug|Any CPU
		Release|Any CPU = Release|Any CPU
	EndGlobalSection
	GlobalSection(ProjectConfigurationPlatforms) = postSolution
		{71968068-AC43-4D10-AB9C-5B39F2CD0C9C}.Debug|Any CPU.ActiveCfg = Debug|Any CPU
		{71968068-AC43-4D10-AB9C-5B39F2CD0C9C}.Debug|Any CPU.Build.0 = Debug|Any CPU
		{71968068-AC43-4D10-AB9C-5B39F2CD0C9C}.Release|Any CPU.ActiveCfg = Release|Any CPU
		{71968068-AC43-4D10-AB9C-5B39F2CD0C9C}.Release|Any CPU.Build.0 = Release|Any CPU
		{183A9954-4292-4DE2-A0BD-2E26540F519F}.Debug|Any CPU.ActiveCfg = Debug|Any CPU
		{183A9954-4292-4DE2-A0BD-2E26540F519F}.Debug|Any CPU.Build.0 = Debug|Any CPU
		{183A9954-4292-4DE2-A0BD-2E26540F519F}.Release|Any CPU.ActiveCfg = Release|Any CPU
		{183A9954-4292-4DE2-A0BD-2E26540F519F}.Release|Any CPU.Build.0 = Release|Any CPU
		{45151A9C-C7E3-4E4C-8782-9AF095002F04}.Debug|Any CPU.ActiveCfg = Debug|Any CPU
		{45151A9C-C7E3-4E4C-8782-9AF095002F04}.Debug|Any CPU.Build.0 = Debug|Any CPU
		{45151A9C-C7E3-4E4C-8782-9AF095002F04}.Release|Any CPU.ActiveCfg = Release|Any CPU
		{45151A9C-C7E3-4E4C-8782-9AF095002F04}.Release|Any CPU.Build.0 = Release|Any CPU
		{7AC3E446-6AFB-4885-AC03-451B73004DA2}.Debug|Any CPU.ActiveCfg = Debug|Any CPU
		{7AC3E446-6AFB-4885-AC03-451B73004DA2}.Debug|Any CPU.Build.0 = Debug|Any CPU
		{7AC3E446-6AFB-4885-AC03-451B73004DA2}.Release|Any CPU.ActiveCfg = Release|Any CPU
		{7AC3E446-6AFB-4885-AC03-451B73004DA2}.Release|Any CPU.Build.0 = Release|Any CPU
	EndGlobalSection
	GlobalSection(SolutionProperties) = preSolution
		HideSolutionNode = FALSE
	EndGlobalSection
	GlobalSection(ExtensibilityGlobals) = postSolution
		SolutionGuid = {23794E0C-0A7E-4722-A7F2-1596B6D61FCF}
	EndGlobalSection
EndGlobal
